
Microsoft Visual Studio Solution File, Format Version 12.00
# Visual Studio 15
VisualStudioVersion = 15.0.28307.539
MinimumVisualStudioVersion = 10.0.40219.1
Project("{FAE04EC0-301F-11D3-BF4B-00C04F79EFBC}") = "minmaxhelp", "minmaxhelp\minmaxhelp.csproj", "{40D83B14-408F-4653-B1D1-ACC7407EFA2D}"
EndProject
Global
	GlobalSection(SolutionConfigurationPlatforms) = preSolution
		Debug|Any CPU = Debug|Any CPU
		Release|Any CPU = Release|Any CPU
	EndGlobalSection
	GlobalSection(ProjectConfigurationPlatforms) = postSolution
		{40D83B14-408F-4653-B1D1-ACC7407EFA2D}.Debug|Any CPU.ActiveCfg = Debug|Any CPU
		{40D83B14-408F-4653-B1D1-ACC7407EFA2D}.Debug|Any CPU.Build.0 = Debug|Any CPU
		{40D83B14-408F-4653-B1D1-ACC7407EFA2D}.Release|Any CPU.ActiveCfg = Release|Any CPU
		{40D83B14-408F-4653-B1D1-ACC7407EFA2D}.Release|Any CPU.Build.0 = Release|Any CPU
	EndGlobalSection
	GlobalSection(SolutionProperties) = preSolution
		HideSolutionNode = FALSE
	EndGlobalSection
	GlobalSection(ExtensibilityGlobals) = postSolution
		SolutionGuid = {244A8A49-9C9B-4E86-96FD-A0C770985305}
	EndGlobalSection
EndGlobal
